
Microsoft Visual Studio Solution File, Format Version 12.00
# Visual Studio 15
VisualStudioVersion = 15.0.28307.572
MinimumVisualStudioVersion = 10.0.40219.1
Project("{FAE04EC0-301F-11D3-BF4B-00C04F79EFBC}") = "ProjectApp", "ProjectApp\ProjectApp.csproj", "{4C59EAB8-C313-4FB9-9FC8-94F2558F5567}"
EndProject
Global
	GlobalSection(SolutionConfigurationPlatforms) = preSolution
		Debug|Any CPU = Debug|Any CPU
		Release|Any CPU = Release|Any CPU
	EndGlobalSection
	GlobalSection(ProjectConfigurationPlatforms) = postSolution
		{4C59EAB8-C313-4FB9-9FC8-94F2558F5567}.Debug|Any CPU.ActiveCfg = Debug|Any CPU
		{4C59EAB8-C313-4FB9-9FC8-94F2558F5567}.Debug|Any CPU.Build.0 = Debug|Any CPU
		{4C59EAB8-C313-4FB9-9FC8-94F2558F5567}.Release|Any CPU.ActiveCfg = Release|Any CPU
		{4C59EAB8-C313-4FB9-9FC8-94F2558F5567}.Release|Any CPU.Build.0 = Release|Any CPU
	EndGlobalSection
	GlobalSection(SolutionProperties) = preSolution
		HideSolutionNode = FALSE
	EndGlobalSection
	GlobalSection(ExtensibilityGlobals) = postSolution
		SolutionGuid = {6979A914-9302-433E-B716-07FE174B62CC}
	EndGlobalSection
	GlobalSection(TeamFoundationVersionControl) = preSolution
		SccNumberOfProjects = 2
		SccEnterpriseProvider = {4CA58AB2-18FA-4F8D-95D4-32DDF27D184C}
		SccTeamFoundationServer = https://navesinkmortgageservices.visualstudio.com/
		SccLocalPath0 = .
		SccProjectUniqueName1 = ProjectApp\\ProjectApp.csproj
		SccProjectName1 = ProjectApp
		SccLocalPath1 = ProjectApp
	EndGlobalSection
EndGlobal
